
Microsoft Visual Studio Solution File, Format Version 12.00
# Visual Studio Version 17
VisualStudioVersion = 17.8.34316.72
MinimumVisualStudioVersion = 10.0.40219.1
Project("{FAE04EC0-301F-11D3-BF4B-00C04F79EFBC}") = "Matematik", "Matematik\Matematik.csproj", "{3EB149BA-0206-453D-A5CD-52126F01D35A}"
EndProject
Global
	GlobalSection(SolutionConfigurationPlatforms) = preSolution
		Debug|Any CPU = Debug|Any CPU
		Release|Any CPU = Release|Any CPU
	EndGlobalSection
	GlobalSection(ProjectConfigurationPlatforms) = postSolution
		{3EB149BA-0206-453D-A5CD-52126F01D35A}.Debug|Any CPU.ActiveCfg = Debug|Any CPU
		{3EB149BA-0206-453D-A5CD-52126F01D35A}.Debug|Any CPU.Build.0 = Debug|Any CPU
		{3EB149BA-0206-453D-A5CD-52126F01D35A}.Release|Any CPU.ActiveCfg = Release|Any CPU
		{3EB149BA-0206-453D-A5CD-52126F01D35A}.Release|Any CPU.Build.0 = Release|Any CPU
	EndGlobalSection
	GlobalSection(SolutionProperties) = preSolution
		HideSolutionNode = FALSE
	EndGlobalSection
	GlobalSection(ExtensibilityGlobals) = postSolution
		SolutionGuid = {17930969-CBBC-4588-9678-C7DDE7888E8B}
	EndGlobalSection
EndGlobal
